
Microsoft Visual Studio Solution File, Format Version 12.00
# Visual Studio 2012
Project("{FAE04EC0-301F-11D3-BF4B-00C04F79EFBC}") = "WordCount", "WordCount\WordCount.csproj", "{D0E76F09-1586-4A51-836D-7AC1EB37F08C}"
EndProject
Project("{FAE04EC0-301F-11D3-BF4B-00C04F79EFBC}") = "WordCount.Tests", "WordCount.Tests\WordCount.Tests.csproj", "{85C2D1C5-F991-4789-9607-2E63D943A37D}"
EndProject
Project("{2150E333-8FDC-42A3-9474-1A3956D46DE8}") = "Solution Items", "Solution Items", "{B36C3EF3-D3F7-4CAD-8EF6-B9BB3D6FB3B5}"
	ProjectSection(SolutionItems) = preProject
		README.md = README.md
	EndProjectSection
EndProject
Global
	GlobalSection(SolutionConfigurationPlatforms) = preSolution
		Debug|Any CPU = Debug|Any CPU
		Release|Any CPU = Release|Any CPU
	EndGlobalSection
	GlobalSection(ProjectConfigurationPlatforms) = postSolution
		{D0E76F09-1586-4A51-836D-7AC1EB37F08C}.Debug|Any CPU.ActiveCfg = Debug|Any CPU
		{D0E76F09-1586-4A51-836D-7AC1EB37F08C}.Debug|Any CPU.Build.0 = Debug|Any CPU
		{D0E76F09-1586-4A51-836D-7AC1EB37F08C}.Release|Any CPU.ActiveCfg = Release|Any CPU
		{D0E76F09-1586-4A51-836D-7AC1EB37F08C}.Release|Any CPU.Build.0 = Release|Any CPU
		{85C2D1C5-F991-4789-9607-2E63D943A37D}.Debug|Any CPU.ActiveCfg = Debug|Any CPU
		{85C2D1C5-F991-4789-9607-2E63D943A37D}.Debug|Any CPU.Build.0 = Debug|Any CPU
		{85C2D1C5-F991-4789-9607-2E63D943A37D}.Release|Any CPU.ActiveCfg = Release|Any CPU
		{85C2D1C5-F991-4789-9607-2E63D943A37D}.Release|Any CPU.Build.0 = Release|Any CPU
	EndGlobalSection
EndGlobal
